// !$*UTF8*$!
{
	archiveVersion = 1;
	classes = {
	};
	objectVersion = 56;
	objects = {

/* Begin PBXBuildFile section */
		685A2CF32A2E021C009D2E71 /* MenuBar.swift in Sources */ = {isa = PBXBuildFile; fileRef = 685A2CF22A2E021C009D2E71 /* MenuBar.swift */; };
		685A2CF52A2E0A62009D2E71 /* SwitchCollectionViewCell.swift in Sources */ = {isa = PBXBuildFile; fileRef = 685A2CF42A2E0A62009D2E71 /* SwitchCollectionViewCell.swift */; };
		68735D402A2DDB8A0058C97F /* AppDelegate.swift in Sources */ = {isa = PBXBuildFile; fileRef = 68735D3F2A2DDB8A0058C97F /* AppDelegate.swift */; };
		68735D422A2DDB8A0058C97F /* SceneDelegate.swift in Sources */ = {isa = PBXBuildFile; fileRef = 68735D412A2DDB8A0058C97F /* SceneDelegate.swift */; };
		68735D442A2DDB8A0058C97F /* MoneyViewController.swift in Sources */ = {isa = PBXBuildFile; fileRef = 68735D432A2DDB8A0058C97F /* MoneyViewController.swift */; };
		68735D492A2DDB8B0058C97F /* Assets.xcassets in Resources */ = {isa = PBXBuildFile; fileRef = 68735D482A2DDB8B0058C97F /* Assets.xcassets */; };
		68735D4C2A2DDB8B0058C97F /* LaunchScreen.storyboard in Resources */ = {isa = PBXBuildFile; fileRef = 68735D4A2A2DDB8B0058C97F /* LaunchScreen.storyboard */; };
		68735D542A2DDC130058C97F /* FriendViewController.swift in Sources */ = {isa = PBXBuildFile; fileRef = 68735D532A2DDC130058C97F /* FriendViewController.swift */; };
		68735D562A2DDC2A0058C97F /* KOViewController.swift in Sources */ = {isa = PBXBuildFile; fileRef = 68735D552A2DDC2A0058C97F /* KOViewController.swift */; };
		68735D592A2DDC700058C97F /* BudgetingViewController.swift in Sources */ = {isa = PBXBuildFile; fileRef = 68735D582A2DDC700058C97F /* BudgetingViewController.swift */; };
		68735D5B2A2DDCF70058C97F /* SettingViewController.swift in Sources */ = {isa = PBXBuildFile; fileRef = 68735D5A2A2DDCF70058C97F /* SettingViewController.swift */; };
		68735D5D2A2DDD1A0058C97F /* TabBarViewController.swift in Sources */ = {isa = PBXBuildFile; fileRef = 68735D5C2A2DDD1A0058C97F /* TabBarViewController.swift */; };
		68DBA7422A2E239800ED1CA9 /* EmptyView.swift in Sources */ = {isa = PBXBuildFile; fileRef = 68DBA7412A2E239800ED1CA9 /* EmptyView.swift */; };
		68DBA7452A2EF26F00ED1CA9 /* APICaller.swift in Sources */ = {isa = PBXBuildFile; fileRef = 68DBA7442A2EF26F00ED1CA9 /* APICaller.swift */; };
		68DBA7482A2EF31C00ED1CA9 /* UserViewModel.swift in Sources */ = {isa = PBXBuildFile; fileRef = 68DBA7472A2EF31C00ED1CA9 /* UserViewModel.swift */; };
		68DBA74D2A2F17DF00ED1CA9 /* FriendsTableView.swift in Sources */ = {isa = PBXBuildFile; fileRef = 68DBA74C2A2F17DF00ED1CA9 /* FriendsTableView.swift */; };
		68DBA74F2A2F199600ED1CA9 /* FriendsTableViewCell.swift in Sources */ = {isa = PBXBuildFile; fileRef = 68DBA74E2A2F199600ED1CA9 /* FriendsTableViewCell.swift */; };
		68DBA7732A305BB100ED1CA9 /* InvitedTableViewCell.swift in Sources */ = {isa = PBXBuildFile; fileRef = 68DBA7722A305BB100ED1CA9 /* InvitedTableViewCell.swift */; };
/* End PBXBuildFile section */

/* Begin PBXFileReference section */
		685A2CF22A2E021C009D2E71 /* MenuBar.swift */ = {isa = PBXFileReference; lastKnownFileType = sourcecode.swift; path = MenuBar.swift; sourceTree = "<group>"; };
		685A2CF42A2E0A62009D2E71 /* SwitchCollectionViewCell.swift */ = {isa = PBXFileReference; lastKnownFileType = sourcecode.swift; path = SwitchCollectionViewCell.swift; sourceTree = "<group>"; };
		68735D3C2A2DDB8A0058C97F /* 國泰IOS應徵者林造文作品.app */ = {isa = PBXFileReference; explicitFileType = wrapper.application; includeInIndex = 0; path = "國泰IOS應徵者林造文作品.app"; sourceTree = BUILT_PRODUCTS_DIR; };
		68735D3F2A2DDB8A0058C97F /* AppDelegate.swift */ = {isa = PBXFileReference; lastKnownFileType = sourcecode.swift; path = AppDelegate.swift; sourceTree = "<group>"; };
		68735D412A2DDB8A0058C97F /* SceneDelegate.swift */ = {isa = PBXFileReference; lastKnownFileType = sourcecode.swift; path = SceneDelegate.swift; sourceTree = "<group>"; };
		68735D432A2DDB8A0058C97F /* MoneyViewController.swift */ = {isa = PBXFileReference; lastKnownFileType = sourcecode.swift; path = MoneyViewController.swift; sourceTree = "<group>"; };
		68735D482A2DDB8B0058C97F /* Assets.xcassets */ = {isa = PBXFileReference; lastKnownFileType = folder.assetcatalog; path = Assets.xcassets; sourceTree = "<group>"; };
		68735D4B2A2DDB8B0058C97F /* Base */ = {isa = PBXFileReference; lastKnownFileType = file.storyboard; name = Base; path = Base.lproj/LaunchScreen.storyboard; sourceTree = "<group>"; };
		68735D4D2A2DDB8B0058C97F /* Info.plist */ = {isa = PBXFileReference; lastKnownFileType = text.plist.xml; path = Info.plist; sourceTree = "<group>"; };
		68735D532A2DDC130058C97F /* FriendViewController.swift */ = {isa = PBXFileReference; lastKnownFileType = sourcecode.swift; path = FriendViewController.swift; sourceTree = "<group>"; };
		68735D552A2DDC2A0058C97F /* KOViewController.swift */ = {isa = PBXFileReference; lastKnownFileType = sourcecode.swift; path = KOViewController.swift; sourceTree = "<group>"; };
		68735D582A2DDC700058C97F /* BudgetingViewController.swift */ = {isa = PBXFileReference; lastKnownFileType = sourcecode.swift; path = BudgetingViewController.swift; sourceTree = "<group>"; };
		68735D5A2A2DDCF70058C97F /* SettingViewController.swift */ = {isa = PBXFileReference; lastKnownFileType = sourcecode.swift; path = SettingViewController.swift; sourceTree = "<group>"; };
		68735D5C2A2DDD1A0058C97F /* TabBarViewController.swift */ = {isa = PBXFileReference; lastKnownFileType = sourcecode.swift; path = TabBarViewController.swift; sourceTree = "<group>"; };
		68DBA7412A2E239800ED1CA9 /* EmptyView.swift */ = {isa = PBXFileReference; lastKnownFileType = sourcecode.swift; path = EmptyView.swift; sourceTree = "<group>"; };
		68DBA7442A2EF26F00ED1CA9 /* APICaller.swift */ = {isa = PBXFileReference; lastKnownFileType = sourcecode.swift; path = APICaller.swift; sourceTree = "<group>"; };
		68DBA7472A2EF31C00ED1CA9 /* UserViewModel.swift */ = {isa = PBXFileReference; lastKnownFileType = sourcecode.swift; path = UserViewModel.swift; sourceTree = "<group>"; };
		68DBA74C2A2F17DF00ED1CA9 /* FriendsTableView.swift */ = {isa = PBXFileReference; lastKnownFileType = sourcecode.swift; path = FriendsTableView.swift; sourceTree = "<group>"; };
		68DBA74E2A2F199600ED1CA9 /* FriendsTableViewCell.swift */ = {isa = PBXFileReference; lastKnownFileType = sourcecode.swift; path = FriendsTableViewCell.swift; sourceTree = "<group>"; };
		68DBA7722A305BB100ED1CA9 /* InvitedTableViewCell.swift */ = {isa = PBXFileReference; lastKnownFileType = sourcecode.swift; path = InvitedTableViewCell.swift; sourceTree = "<group>"; };
/* End PBXFileReference section */

/* Begin PBXFrameworksBuildPhase section */
		68735D392A2DDB8A0058C97F /* Frameworks */ = {
			isa = PBXFrameworksBuildPhase;
			buildActionMask = 2147483647;
			files = (
			);
			runOnlyForDeploymentPostprocessing = 0;
		};
/* End PBXFrameworksBuildPhase section */

/* Begin PBXGroup section */
		685A2CF12A2DE31C009D2E71 /* Views */ = {
			isa = PBXGroup;
			children = (
				68735D4A2A2DDB8B0058C97F /* LaunchScreen.storyboard */,
				685A2CF22A2E021C009D2E71 /* MenuBar.swift */,
				685A2CF42A2E0A62009D2E71 /* SwitchCollectionViewCell.swift */,
				68DBA7412A2E239800ED1CA9 /* EmptyView.swift */,
				68DBA74C2A2F17DF00ED1CA9 /* FriendsTableView.swift */,
				68DBA74E2A2F199600ED1CA9 /* FriendsTableViewCell.swift */,
				68DBA7722A305BB100ED1CA9 /* InvitedTableViewCell.swift */,
			);
			path = Views;
			sourceTree = "<group>";
		};
		68735D332A2DDB890058C97F = {
			isa = PBXGroup;
			children = (
				68735D3E2A2DDB8A0058C97F /* 國泰IOS應徵者林造文作品 */,
				68735D3D2A2DDB8A0058C97F /* Products */,
			);
			sourceTree = "<group>";
		};
		68735D3D2A2DDB8A0058C97F /* Products */ = {
			isa = PBXGroup;
			children = (
				68735D3C2A2DDB8A0058C97F /* 國泰IOS應徵者林造文作品.app */,
			);
			name = Products;
			sourceTree = "<group>";
		};
		68735D3E2A2DDB8A0058C97F /* 國泰IOS應徵者林造文作品 */ = {
			isa = PBXGroup;
			children = (
				68DBA7492A2EFFAE00ED1CA9 /* Model */,
				68DBA7462A2EF2C100ED1CA9 /* ViewModel */,
				68DBA7432A2EE27D00ED1CA9 /* Manager */,
				685A2CF12A2DE31C009D2E71 /* Views */,
				68735D5F2A2DDD830058C97F /* Resources */,
				68735D5E2A2DDD200058C97F /* Controllers */,
				68735D4D2A2DDB8B0058C97F /* Info.plist */,
			);
			path = "國泰IOS應徵者林造文作品";
			sourceTree = "<group>";
		};
		68735D5E2A2DDD200058C97F /* Controllers */ = {
			isa = PBXGroup;
			children = (
				68735D5C2A2DDD1A0058C97F /* TabBarViewController.swift */,
				68735D432A2DDB8A0058C97F /* MoneyViewController.swift */,
				68735D532A2DDC130058C97F /* FriendViewController.swift */,
				68735D552A2DDC2A0058C97F /* KOViewController.swift */,
				68735D582A2DDC700058C97F /* BudgetingViewController.swift */,
				68735D5A2A2DDCF70058C97F /* SettingViewController.swift */,
			);
			path = Controllers;
			sourceTree = "<group>";
		};
		68735D5F2A2DDD830058C97F /* Resources */ = {
			isa = PBXGroup;
			children = (
				68735D3F2A2DDB8A0058C97F /* AppDelegate.swift */,
				68735D412A2DDB8A0058C97F /* SceneDelegate.swift */,
				68735D482A2DDB8B0058C97F /* Assets.xcassets */,
			);
			path = Resources;
			sourceTree = "<group>";
		};
		68DBA7432A2EE27D00ED1CA9 /* Manager */ = {
			isa = PBXGroup;
			children = (
				68DBA7442A2EF26F00ED1CA9 /* APICaller.swift */,
			);
			path = Manager;
			sourceTree = "<group>";
		};
		68DBA7462A2EF2C100ED1CA9 /* ViewModel */ = {
			isa = PBXGroup;
			children = (
			);
			path = ViewModel;
			sourceTree = "<group>";
		};
		68DBA7492A2EFFAE00ED1CA9 /* Model */ = {
			isa = PBXGroup;
			children = (
				68DBA7472A2EF31C00ED1CA9 /* UserViewModel.swift */,
			);
			path = Model;
			sourceTree = "<group>";
		};
/* End PBXGroup section */

/* Begin PBXNativeTarget section */
		68735D3B2A2DDB8A0058C97F /* 國泰IOS應徵者林造文作品 */ = {
			isa = PBXNativeTarget;
			buildConfigurationList = 68735D502A2DDB8B0058C97F /* Build configuration list for PBXNativeTarget "國泰IOS應徵者林造文作品" */;
			buildPhases = (
				68735D382A2DDB8A0058C97F /* Sources */,
				68735D392A2DDB8A0058C97F /* Frameworks */,
				68735D3A2A2DDB8A0058C97F /* Resources */,
			);
			buildRules = (
			);
			dependencies = (
			);
			name = "國泰IOS應徵者林造文作品";
			productName = "國泰IOS應徵者林造文作品";
			productReference = 68735D3C2A2DDB8A0058C97F /* 國泰IOS應徵者林造文作品.app */;
			productType = "com.apple.product-type.application";
		};
/* End PBXNativeTarget section */

/* Begin PBXProject section */
		68735D342A2DDB890058C97F /* Project object */ = {
			isa = PBXProject;
			attributes = {
				BuildIndependentTargetsInParallel = 1;
				LastSwiftUpdateCheck = 1430;
				LastUpgradeCheck = 1430;
				TargetAttributes = {
					68735D3B2A2DDB8A0058C97F = {
						CreatedOnToolsVersion = 14.3;
					};
				};
			};
			buildConfigurationList = 68735D372A2DDB890058C97F /* Build configuration list for PBXProject "國泰IOS應徵者林造文作品" */;
			compatibilityVersion = "Xcode 14.0";
			developmentRegion = en;
			hasScannedForEncodings = 0;
			knownRegions = (
				en,
				Base,
			);
			mainGroup = 68735D332A2DDB890058C97F;
			productRefGroup = 68735D3D2A2DDB8A0058C97F /* Products */;
			projectDirPath = "";
			projectRoot = "";
			targets = (
				68735D3B2A2DDB8A0058C97F /* 國泰IOS應徵者林造文作品 */,
			);
		};
/* End PBXProject section */

/* Begin PBXResourcesBuildPhase section */
		68735D3A2A2DDB8A0058C97F /* Resources */ = {
			isa = PBXResourcesBuildPhase;
			buildActionMask = 2147483647;
			files = (
				68735D4C2A2DDB8B0058C97F /* LaunchScreen.storyboard in Resources */,
				68735D492A2DDB8B0058C97F /* Assets.xcassets in Resources */,
			);
			runOnlyForDeploymentPostprocessing = 0;
		};
/* End PBXResourcesBuildPhase section */

/* Begin PBXSourcesBuildPhase section */
		68735D382A2DDB8A0058C97F /* Sources */ = {
			isa = PBXSourcesBuildPhase;
			buildActionMask = 2147483647;
			files = (
				68735D5D2A2DDD1A0058C97F /* TabBarViewController.swift in Sources */,
				68735D592A2DDC700058C97F /* BudgetingViewController.swift in Sources */,
				68DBA7422A2E239800ED1CA9 /* EmptyView.swift in Sources */,
				68DBA74F2A2F199600ED1CA9 /* FriendsTableViewCell.swift in Sources */,
				68735D542A2DDC130058C97F /* FriendViewController.swift in Sources */,
				68735D442A2DDB8A0058C97F /* MoneyViewController.swift in Sources */,
				685A2CF52A2E0A62009D2E71 /* SwitchCollectionViewCell.swift in Sources */,
				68735D402A2DDB8A0058C97F /* AppDelegate.swift in Sources */,
				68DBA7452A2EF26F00ED1CA9 /* APICaller.swift in Sources */,
				685A2CF32A2E021C009D2E71 /* MenuBar.swift in Sources */,
				68DBA7482A2EF31C00ED1CA9 /* UserViewModel.swift in Sources */,
				68DBA7732A305BB100ED1CA9 /* InvitedTableViewCell.swift in Sources */,
				68735D562A2DDC2A0058C97F /* KOViewController.swift in Sources */,
				68735D5B2A2DDCF70058C97F /* SettingViewController.swift in Sources */,
				68735D422A2DDB8A0058C97F /* SceneDelegate.swift in Sources */,
				68DBA74D2A2F17DF00ED1CA9 /* FriendsTableView.swift in Sources */,
			);
			runOnlyForDeploymentPostprocessing = 0;
		};
/* End PBXSourcesBuildPhase section */

/* Begin PBXVariantGroup section */
		68735D4A2A2DDB8B0058C97F /* LaunchScreen.storyboard */ = {
			isa = PBXVariantGroup;
			children = (
				68735D4B2A2DDB8B0058C97F /* Base */,
			);
			name = LaunchScreen.storyboard;
			sourceTree = "<group>";
		};
/* End PBXVariantGroup section */

/* Begin XCBuildConfiguration section */
		68735D4E2A2DDB8B0058C97F /* Debug */ = {
			isa = XCBuildConfiguration;
			buildSettings = {
				ALWAYS_SEARCH_USER_PATHS = NO;
				CLANG_ANALYZER_NONNULL = YES;
				CLANG_ANALYZER_NUMBER_OBJECT_CONVERSION = YES_AGGRESSIVE;
				CLANG_CXX_LANGUAGE_STANDARD = "gnu++20";
				CLANG_ENABLE_MODULES = YES;
				CLANG_ENABLE_OBJC_ARC = YES;
				CLANG_ENABLE_OBJC_WEAK = YES;
				CLANG_WARN_BLOCK_CAPTURE_AUTORELEASING = YES;
				CLANG_WARN_BOOL_CONVERSION = YES;
				CLANG_WARN_COMMA = YES;
				CLANG_WARN_CONSTANT_CONVERSION = YES;
				CLANG_WARN_DEPRECATED_OBJC_IMPLEMENTATIONS = YES;
				CLANG_WARN_DIRECT_OBJC_ISA_USAGE = YES_ERROR;
				CLANG_WARN_DOCUMENTATION_COMMENTS = YES;
				CLANG_WARN_EMPTY_BODY = YES;
				CLANG_WARN_ENUM_CONVERSION = YES;
				CLANG_WARN_INFINITE_RECURSION = YES;
				CLANG_WARN_INT_CONVERSION = YES;
				CLANG_WARN_NON_LITERAL_NULL_CONVERSION = YES;
				CLANG_WARN_OBJC_IMPLICIT_RETAIN_SELF = YES;
				CLANG_WARN_OBJC_LITERAL_CONVERSION = YES;
				CLANG_WARN_OBJC_ROOT_CLASS = YES_ERROR;
				CLANG_WARN_QUOTED_INCLUDE_IN_FRAMEWORK_HEADER = YES;
				CLANG_WARN_RANGE_LOOP_ANALYSIS = YES;
				CLANG_WARN_STRICT_PROTOTYPES = YES;
				CLANG_WARN_SUSPICIOUS_MOVE = YES;
				CLANG_WARN_UNGUARDED_AVAILABILITY = YES_AGGRESSIVE;
				CLANG_WARN_UNREACHABLE_CODE = YES;
				CLANG_WARN__DUPLICATE_METHOD_MATCH = YES;
				COPY_PHASE_STRIP = NO;
				DEBUG_INFORMATION_FORMAT = dwarf;
				ENABLE_STRICT_OBJC_MSGSEND = YES;
				ENABLE_TESTABILITY = YES;
				GCC_C_LANGUAGE_STANDARD = gnu11;
				GCC_DYNAMIC_NO_PIC = NO;
				GCC_NO_COMMON_BLOCKS = YES;
				GCC_OPTIMIZATION_LEVEL = 0;
				GCC_PREPROCESSOR_DEFINITIONS = (
					"DEBUG=1",
					"$(inherited)",
				);
				GCC_WARN_64_TO_32_BIT_CONVERSION = YES;
				GCC_WARN_ABOUT_RETURN_TYPE = YES_ERROR;
				GCC_WARN_UNDECLARED_SELECTOR = YES;
				GCC_WARN_UNINITIALIZED_AUTOS = YES_AGGRESSIVE;
				GCC_WARN_UNUSED_FUNCTION = YES;
				GCC_WARN_UNUSED_VARIABLE = YES;
				IPHONEOS_DEPLOYMENT_TARGET = 16.4;
				MTL_ENABLE_DEBUG_INFO = INCLUDE_SOURCE;
				MTL_FAST_MATH = YES;
				ONLY_ACTIVE_ARCH = YES;
				SDKROOT = iphoneos;
				SWIFT_ACTIVE_COMPILATION_CONDITIONS = DEBUG;
				SWIFT_OPTIMIZATION_LEVEL = "-Onone";
			};
			name = Debug;
		};
		68735D4F2A2DDB8B0058C97F /* Release */ = {
			isa = XCBuildConfiguration;
			buildSettings = {
				ALWAYS_SEARCH_USER_PATHS = NO;
				CLANG_ANALYZER_NONNULL = YES;
				CLANG_ANALYZER_NUMBER_OBJECT_CONVERSION = YES_AGGRESSIVE;
				CLANG_CXX_LANGUAGE_STANDARD = "gnu++20";
				CLANG_ENABLE_MODULES = YES;
				CLANG_ENABLE_OBJC_ARC = YES;
				CLANG_ENABLE_OBJC_WEAK = YES;
				CLANG_WARN_BLOCK_CAPTURE_AUTORELEASING = YES;
				CLANG_WARN_BOOL_CONVERSION = YES;
				CLANG_WARN_COMMA = YES;
				CLANG_WARN_CONSTANT_CONVERSION = YES;
				CLANG_WARN_DEPRECATED_OBJC_IMPLEMENTATIONS = YES;
				CLANG_WARN_DIRECT_OBJC_ISA_USAGE = YES_ERROR;
				CLANG_WARN_DOCUMENTATION_COMMENTS = YES;
				CLANG_WARN_EMPTY_BODY = YES;
				CLANG_WARN_ENUM_CONVERSION = YES;
				CLANG_WARN_INFINITE_RECURSION = YES;
				CLANG_WARN_INT_CONVERSION = YES;
				CLANG_WARN_NON_LITERAL_NULL_CONVERSION = YES;
				CLANG_WARN_OBJC_IMPLICIT_RETAIN_SELF = YES;
				CLANG_WARN_OBJC_LITERAL_CONVERSION = YES;
				CLANG_WARN_OBJC_ROOT_CLASS = YES_ERROR;
				CLANG_WARN_QUOTED_INCLUDE_IN_FRAMEWORK_HEADER = YES;
				CLANG_WARN_RANGE_LOOP_ANALYSIS = YES;
				CLANG_WARN_STRICT_PROTOTYPES = YES;
				CLANG_WARN_SUSPICIOUS_MOVE = YES;
				CLANG_WARN_UNGUARDED_AVAILABILITY = YES_AGGRESSIVE;
				CLANG_WARN_UNREACHABLE_CODE = YES;
				CLANG_WARN__DUPLICATE_METHOD_MATCH = YES;
				COPY_PHASE_STRIP = NO;
				DEBUG_INFORMATION_FORMAT = "dwarf-with-dsym";
				ENABLE_NS_ASSERTIONS = NO;
				ENABLE_STRICT_OBJC_MSGSEND = YES;
				GCC_C_LANGUAGE_STANDARD = gnu11;
				GCC_NO_COMMON_BLOCKS = YES;
				GCC_WARN_64_TO_32_BIT_CONVERSION = YES;
				GCC_WARN_ABOUT_RETURN_TYPE = YES_ERROR;
				GCC_WARN_UNDECLARED_SELECTOR = YES;
				GCC_WARN_UNINITIALIZED_AUTOS = YES_AGGRESSIVE;
				GCC_WARN_UNUSED_FUNCTION = YES;
				GCC_WARN_UNUSED_VARIABLE = YES;
				IPHONEOS_DEPLOYMENT_TARGET = 16.4;
				MTL_ENABLE_DEBUG_INFO = NO;
				MTL_FAST_MATH = YES;
				SDKROOT = iphoneos;
				SWIFT_COMPILATION_MODE = wholemodule;
				SWIFT_OPTIMIZATION_LEVEL = "-O";
				VALIDATE_PRODUCT = YES;
			};
			name = Release;
		};
		68735D512A2DDB8B0058C97F /* Debug */ = {
			isa = XCBuildConfiguration;
			buildSettings = {
				ASSETCATALOG_COMPILER_APPICON_NAME = AppIcon;
				ASSETCATALOG_COMPILER_GLOBAL_ACCENT_COLOR_NAME = AccentColor;
				CODE_SIGN_STYLE = Automatic;
				CURRENT_PROJECT_VERSION = 1;
				DEVELOPMENT_TEAM = 859PBDXQNN;
				GENERATE_INFOPLIST_FILE = YES;
				INFOPLIST_FILE = "國泰IOS應徵者林造文作品/Info.plist";
				INFOPLIST_KEY_UIApplicationSupportsIndirectInputEvents = YES;
				INFOPLIST_KEY_UILaunchStoryboardName = LaunchScreen;
				INFOPLIST_KEY_UISupportedInterfaceOrientations_iPad = "UIInterfaceOrientationPortrait UIInterfaceOrientationPortraitUpsideDown UIInterfaceOrientationLandscapeLeft UIInterfaceOrientationLandscapeRight";
				INFOPLIST_KEY_UISupportedInterfaceOrientations_iPhone = "UIInterfaceOrientationPortrait UIInterfaceOrientationLandscapeLeft UIInterfaceOrientationLandscapeRight";
				IPHONEOS_DEPLOYMENT_TARGET = 15.0;
				LD_RUNPATH_SEARCH_PATHS = (
					"$(inherited)",
					"@executable_path/Frameworks",
				);
				MARKETING_VERSION = 1.0;
				PRODUCT_BUNDLE_IDENTIFIER = "Jeff-sideproject.--IOS--------";
				PRODUCT_NAME = "$(TARGET_NAME)";
				SWIFT_EMIT_LOC_STRINGS = YES;
				SWIFT_VERSION = 5.0;
				TARGETED_DEVICE_FAMILY = "1,2";
			};
			name = Debug;
		};
		68735D522A2DDB8B0058C97F /* Release */ = {
			isa = XCBuildConfiguration;
			buildSettings = {
				ASSETCATALOG_COMPILER_APPICON_NAME = AppIcon;
				ASSETCATALOG_COMPILER_GLOBAL_ACCENT_COLOR_NAME = AccentColor;
				CODE_SIGN_STYLE = Automatic;
				CURRENT_PROJECT_VERSION = 1;
				DEVELOPMENT_TEAM = 859PBDXQNN;
				GENERATE_INFOPLIST_FILE = YES;
				INFOPLIST_FILE = "國泰IOS應徵者林造文作品/Info.plist";
				INFOPLIST_KEY_UIApplicationSupportsIndirectInputEvents = YES;
				INFOPLIST_KEY_UILaunchStoryboardName = LaunchScreen;
				INFOPLIST_KEY_UISupportedInterfaceOrientations_iPad = "UIInterfaceOrientationPortrait UIInterfaceOrientationPortraitUpsideDown UIInterfaceOrientationLandscapeLeft UIInterfaceOrientationLandscapeRight";
				INFOPLIST_KEY_UISupportedInterfaceOrientations_iPhone = "UIInterfaceOrientationPortrait UIInterfaceOrientationLandscapeLeft UIInterfaceOrientationLandscapeRight";
				IPHONEOS_DEPLOYMENT_TARGET = 15.0;
				LD_RUNPATH_SEARCH_PATHS = (
					"$(inherited)",
					"@executable_path/Frameworks",
				);
				MARKETING_VERSION = 1.0;
				PRODUCT_BUNDLE_IDENTIFIER = "Jeff-sideproject.--IOS--------";
				PRODUCT_NAME = "$(TARGET_NAME)";
				SWIFT_EMIT_LOC_STRINGS = YES;
				SWIFT_VERSION = 5.0;
				TARGETED_DEVICE_FAMILY = "1,2";
			};
			name = Release;
		};
/* End XCBuildConfiguration section */

/* Begin XCConfigurationList section */
		68735D372A2DDB890058C97F /* Build configuration list for PBXProject "國泰IOS應徵者林造文作品" */ = {
			isa = XCConfigurationList;
			buildConfigurations = (
				68735D4E2A2DDB8B0058C97F /* Debug */,
				68735D4F2A2DDB8B0058C97F /* Release */,
			);
			defaultConfigurationIsVisible = 0;
			defaultConfigurationName = Release;
		};
		68735D502A2DDB8B0058C97F /* Build configuration list for PBXNativeTarget "國泰IOS應徵者林造文作品" */ = {
			isa = XCConfigurationList;
			buildConfigurations = (
				68735D512A2DDB8B0058C97F /* Debug */,
				68735D522A2DDB8B0058C97F /* Release */,
			);
			defaultConfigurationIsVisible = 0;
			defaultConfigurationName = Release;
		};
/* End XCConfigurationList section */
	};
	rootObject = 68735D342A2DDB890058C97F /* Project object */;
}
